
Microsoft Visual Studio Solution File, Format Version 12.00
# Visual Studio 15
VisualStudioVersion = 15.0.26124.0
MinimumVisualStudioVersion = 15.0.26124.0
Project("{FAE04EC0-301F-11D3-BF4B-00C04F79EFBC}") = "DidacticalEnigma.Project", "DidacticalEnigma.Project\DidacticalEnigma.Project.csproj", "{B4BFBF8D-EBFB-445A-AA37-E9FD27F90086}"
EndProject
Project("{FAE04EC0-301F-11D3-BF4B-00C04F79EFBC}") = "DidacticalEnigma.MagicTranslatorProject", "DidacticalEnigma.MagicTranslatorProject\DidacticalEnigma.MagicTranslatorProject.csproj", "{9768BAAB-72DD-40FB-9ABD-09B2EA4824C1}"
EndProject
Project("{FAE04EC0-301F-11D3-BF4B-00C04F79EFBC}") = "DidacticalEnigma.Project.Tests", "DidacticalEnigma.Project.Tests\DidacticalEnigma.Project.Tests.csproj", "{E6C50D5F-5E91-4BCC-A82E-6FB0F955115F}"
EndProject
Global
	GlobalSection(SolutionConfigurationPlatforms) = preSolution
		Debug|Any CPU = Debug|Any CPU
		Debug|x64 = Debug|x64
		Debug|x86 = Debug|x86
		Release|Any CPU = Release|Any CPU
		Release|x64 = Release|x64
		Release|x86 = Release|x86
	EndGlobalSection
	GlobalSection(SolutionProperties) = preSolution
		HideSolutionNode = FALSE
	EndGlobalSection
	GlobalSection(ProjectConfigurationPlatforms) = postSolution
		{B4BFBF8D-EBFB-445A-AA37-E9FD27F90086}.Debug|Any CPU.ActiveCfg = Debug|Any CPU
		{B4BFBF8D-EBFB-445A-AA37-E9FD27F90086}.Debug|Any CPU.Build.0 = Debug|Any CPU
		{B4BFBF8D-EBFB-445A-AA37-E9FD27F90086}.Debug|x64.ActiveCfg = Debug|Any CPU
		{B4BFBF8D-EBFB-445A-AA37-E9FD27F90086}.Debug|x64.Build.0 = Debug|Any CPU
		{B4BFBF8D-EBFB-445A-AA37-E9FD27F90086}.Debug|x86.ActiveCfg = Debug|Any CPU
		{B4BFBF8D-EBFB-445A-AA37-E9FD27F90086}.Debug|x86.Build.0 = Debug|Any CPU
		{B4BFBF8D-EBFB-445A-AA37-E9FD27F90086}.Release|Any CPU.ActiveCfg = Release|Any CPU
		{B4BFBF8D-EBFB-445A-AA37-E9FD27F90086}.Release|Any CPU.Build.0 = Release|Any CPU
		{B4BFBF8D-EBFB-445A-AA37-E9FD27F90086}.Release|x64.ActiveCfg = Release|Any CPU
		{B4BFBF8D-EBFB-445A-AA37-E9FD27F90086}.Release|x64.Build.0 = Release|Any CPU
		{B4BFBF8D-EBFB-445A-AA37-E9FD27F90086}.Release|x86.ActiveCfg = Release|Any CPU
		{B4BFBF8D-EBFB-445A-AA37-E9FD27F90086}.Release|x86.Build.0 = Release|Any CPU
		{9768BAAB-72DD-40FB-9ABD-09B2EA4824C1}.Debug|Any CPU.ActiveCfg = Debug|Any CPU
		{9768BAAB-72DD-40FB-9ABD-09B2EA4824C1}.Debug|Any CPU.Build.0 = Debug|Any CPU
		{9768BAAB-72DD-40FB-9ABD-09B2EA4824C1}.Debug|x64.ActiveCfg = Debug|Any CPU
		{9768BAAB-72DD-40FB-9ABD-09B2EA4824C1}.Debug|x64.Build.0 = Debug|Any CPU
		{9768BAAB-72DD-40FB-9ABD-09B2EA4824C1}.Debug|x86.ActiveCfg = Debug|Any CPU
		{9768BAAB-72DD-40FB-9ABD-09B2EA4824C1}.Debug|x86.Build.0 = Debug|Any CPU
		{9768BAAB-72DD-40FB-9ABD-09B2EA4824C1}.Release|Any CPU.ActiveCfg = Release|Any CPU
		{9768BAAB-72DD-40FB-9ABD-09B2EA4824C1}.Release|Any CPU.Build.0 = Release|Any CPU
		{9768BAAB-72DD-40FB-9ABD-09B2EA4824C1}.Release|x64.ActiveCfg = Release|Any CPU
		{9768BAAB-72DD-40FB-9ABD-09B2EA4824C1}.Release|x64.Build.0 = Release|Any CPU
		{9768BAAB-72DD-40FB-9ABD-09B2EA4824C1}.Release|x86.ActiveCfg = Release|Any CPU
		{9768BAAB-72DD-40FB-9ABD-09B2EA4824C1}.Release|x86.Build.0 = Release|Any CPU
		{E6C50D5F-5E91-4BCC-A82E-6FB0F955115F}.Debug|Any CPU.ActiveCfg = Debug|Any CPU
		{E6C50D5F-5E91-4BCC-A82E-6FB0F955115F}.Debug|Any CPU.Build.0 = Debug|Any CPU
		{E6C50D5F-5E91-4BCC-A82E-6FB0F955115F}.Debug|x64.ActiveCfg = Debug|Any CPU
		{E6C50D5F-5E91-4BCC-A82E-6FB0F955115F}.Debug|x64.Build.0 = Debug|Any CPU
		{E6C50D5F-5E91-4BCC-A82E-6FB0F955115F}.Debug|x86.ActiveCfg = Debug|Any CPU
		{E6C50D5F-5E91-4BCC-A82E-6FB0F955115F}.Debug|x86.Build.0 = Debug|Any CPU
		{E6C50D5F-5E91-4BCC-A82E-6FB0F955115F}.Release|Any CPU.ActiveCfg = Release|Any CPU
		{E6C50D5F-5E91-4BCC-A82E-6FB0F955115F}.Release|Any CPU.Build.0 = Release|Any CPU
		{E6C50D5F-5E91-4BCC-A82E-6FB0F955115F}.Release|x64.ActiveCfg = Release|Any CPU
		{E6C50D5F-5E91-4BCC-A82E-6FB0F955115F}.Release|x64.Build.0 = Release|Any CPU
		{E6C50D5F-5E91-4BCC-A82E-6FB0F955115F}.Release|x86.ActiveCfg = Release|Any CPU
		{E6C50D5F-5E91-4BCC-A82E-6FB0F955115F}.Release|x86.Build.0 = Release|Any CPU
	EndGlobalSection
EndGlobal
